
Microsoft Visual Studio Solution File, Format Version 12.00
# Visual Studio Version 17
VisualStudioVersion = 17.9.34607.119
MinimumVisualStudioVersion = 10.0.40219.1
Project("{FAE04EC0-301F-11D3-BF4B-00C04F79EFBC}") = "DndCharacterSheetAPI", "DndCharacterSheetAPI\DndCharacterSheetAPI.csproj", "{B3E91376-DBA6-4806-88D0-E0AED1F65EBF}"
EndProject
Project("{FAE04EC0-301F-11D3-BF4B-00C04F79EFBC}") = "DndCharacterSheetAPI.Domain", "DndCharacterSheetAPI.Domain\DndCharacterSheetAPI.Domain.csproj", "{CDBDC8FA-0790-4BBB-9C86-333E7E98B4A2}"
EndProject
Project("{FAE04EC0-301F-11D3-BF4B-00C04F79EFBC}") = "DndCharacterSheetAPI.Application", "DndCharacterSheetAPI.Application\DndCharacterSheetAPI.Application.csproj", "{5B6BA4F6-A132-49DA-90ED-3E56BAE592F1}"
EndProject
Global
	GlobalSection(SolutionConfigurationPlatforms) = preSolution
		Debug|Any CPU = Debug|Any CPU
		Release|Any CPU = Release|Any CPU
	EndGlobalSection
	GlobalSection(ProjectConfigurationPlatforms) = postSolution
		{B3E91376-DBA6-4806-88D0-E0AED1F65EBF}.Debug|Any CPU.ActiveCfg = Debug|Any CPU
		{B3E91376-DBA6-4806-88D0-E0AED1F65EBF}.Debug|Any CPU.Build.0 = Debug|Any CPU
		{B3E91376-DBA6-4806-88D0-E0AED1F65EBF}.Release|Any CPU.ActiveCfg = Release|Any CPU
		{B3E91376-DBA6-4806-88D0-E0AED1F65EBF}.Release|Any CPU.Build.0 = Release|Any CPU
		{CDBDC8FA-0790-4BBB-9C86-333E7E98B4A2}.Debug|Any CPU.ActiveCfg = Debug|Any CPU
		{CDBDC8FA-0790-4BBB-9C86-333E7E98B4A2}.Debug|Any CPU.Build.0 = Debug|Any CPU
		{CDBDC8FA-0790-4BBB-9C86-333E7E98B4A2}.Release|Any CPU.ActiveCfg = Release|Any CPU
		{CDBDC8FA-0790-4BBB-9C86-333E7E98B4A2}.Release|Any CPU.Build.0 = Release|Any CPU
		{5B6BA4F6-A132-49DA-90ED-3E56BAE592F1}.Debug|Any CPU.ActiveCfg = Debug|Any CPU
		{5B6BA4F6-A132-49DA-90ED-3E56BAE592F1}.Debug|Any CPU.Build.0 = Debug|Any CPU
		{5B6BA4F6-A132-49DA-90ED-3E56BAE592F1}.Release|Any CPU.ActiveCfg = Release|Any CPU
		{5B6BA4F6-A132-49DA-90ED-3E56BAE592F1}.Release|Any CPU.Build.0 = Release|Any CPU
	EndGlobalSection
	GlobalSection(SolutionProperties) = preSolution
		HideSolutionNode = FALSE
	EndGlobalSection
	GlobalSection(ExtensibilityGlobals) = postSolution
		SolutionGuid = {B0BB8FD5-5547-4F30-9D22-0603780B64A9}
	EndGlobalSection
EndGlobal
